{
    "name": "api-layer",
    "version": "3.0.0",
    "lockfileVersion": 3,
    "requires": true,
    "packages": {
        "": {
            "name": "api-layer",
            "version": "3.0.0",
            "license": "EPL-2.0",
            "devDependencies": {
                "concurrently": "6.0.0"
            }
        },
        "node_modules/@babel/code-frame": {
            "version": "7.24.7",
            "resolved": "https://zowe.jfrog.io/zowe/api/npm/npm-release/@babel/code-frame/-/code-frame-7.24.7.tgz",
            "integrity": "sha512-BcYH1CVJBO9tvyIZ2jVeXgSIMvGZ2FDRvDdOIVQyuklNKSsx+eppDEBq/g47Ayw+RqNFE+URvOShmf+f/qwAlA==",
            "dev": true,
            "dependencies": {
                "@babel/highlight": "7.24.7",
                "picocolors": "1.0.0"
            },
            "engines": {
                "node": ">=6.9.0"
            }
        },
        "node_modules/@babel/helper-validator-identifier": {
            "version": "7.24.7",
            "resolved": "https://zowe.jfrog.io/zowe/api/npm/npm-release/@babel/helper-validator-identifier/-/helper-validator-identifier-7.24.7.tgz",
            "integrity": "sha512-rR+PBcQ1SMQDDyF6X0wxtG8QyLCgUB0eRAGguqRLfkCA87l7yAP7ehq8SNj96OOGTO8OBV70KhuFYcIkHXOg0w==",
            "dev": true,
            "engines": {
                "node": ">=6.9.0"
            }
        },
        "node_modules/@babel/highlight": {
            "version": "7.24.7",
            "resolved": "https://zowe.jfrog.io/zowe/api/npm/npm-release/@babel/highlight/-/highlight-7.24.7.tgz",
            "integrity": "sha512-EStJpq4OuY8xYfhGVXngigBJRWxftKX9ksiGDnmlY3o7B/V7KIAc9X4oiK87uPJSc/vs5L869bem5fhZa8caZw==",
            "dev": true,
            "dependencies": {
                "@babel/helper-validator-identifier": "^7.24.7",
                "chalk": "2.4.2",
                "js-tokens": "4.0.0",
                "picocolors": "1.0.0"
            },
            "engines": {
                "node": ">=6.9.0"
            }
        },
        "node_modules/@babel/highlight/node_modules/ansi-styles": {
            "version": "3.2.1",
            "resolved": "https://zowe.jfrog.io/zowe/api/npm/npm-release/ansi-styles/-/ansi-styles-3.2.1.tgz",
            "integrity": "sha512-VT0ZI6kZRdTh8YyJw3SMbYm/u+NqfsAxEpWO0Pf9sq8/e94WxxOpPKx9FR1FlyCtOVDNOQ+8ntlqFxiRc+r5qA==",
            "dev": true,
            "dependencies": {
                "color-convert": "^1.9.0"
            },
            "engines": {
                "node": ">=4"
            }
        },
        "node_modules/@babel/highlight/node_modules/chalk": {
            "version": "2.4.2",
            "resolved": "https://zowe.jfrog.io/zowe/api/npm/npm-release/chalk/-/chalk-2.4.2.tgz",
            "integrity": "sha512-Mti+f9lpJNcwF4tWV8/OrTTtF1gZi+f8FqlyAdouralcFWFQWF2+NgCHShjkCb+IFBLq9buZwE1xckQU4peSuQ==",
            "dev": true,
            "dependencies": {
                "ansi-styles": "^3.2.1",
                "escape-string-regexp": "^1.0.5",
                "supports-color": "^5.3.0"
            },
            "engines": {
                "node": ">=4"
            }
        },
        "node_modules/@babel/highlight/node_modules/color-convert": {
            "version": "1.9.3",
            "resolved": "https://zowe.jfrog.io/zowe/api/npm/npm-release/color-convert/-/color-convert-1.9.3.tgz",
            "integrity": "sha512-QfAUtd+vFdAtFQcC8CCyYt1fYWxSqAiK2cSD6zDB8N3cpsEBAvRxp9zOGg6G/SHHJYAT88/az/IuDGALsNVbGg==",
            "dev": true,
            "dependencies": {
                "color-name": "1.1.3"
            }
        },
        "node_modules/@babel/highlight/node_modules/color-name": {
            "version": "1.1.3",
            "resolved": "https://zowe.jfrog.io/zowe/api/npm/npm-release/color-name/-/color-name-1.1.3.tgz",
            "integrity": "sha512-72fSenhMw2HZMTVHeCA9KCmpEIbzWiQsjN+BHcBbS9vr1mtt+vJjPdksIBNUmKAW8TFUDPJK5SUU3QhE9NEXDw==",
            "dev": true
        },
        "node_modules/@babel/highlight/node_modules/has-flag": {
            "version": "3.0.0",
            "resolved": "https://zowe.jfrog.io/zowe/api/npm/npm-release/has-flag/-/has-flag-3.0.0.tgz",
            "integrity": "sha512-sKJf1+ceQBr4SMkvQnBDNDtf4TXpVhVGateu0t918bl30FnbE2m4vNLX+VWe/dpjlb+HugGYzW7uQXH98HPEYw==",
            "dev": true,
            "engines": {
                "node": ">=4"
            }
        },
        "node_modules/@babel/highlight/node_modules/supports-color": {
            "version": "5.5.0",
            "resolved": "https://zowe.jfrog.io/zowe/api/npm/npm-release/supports-color/-/supports-color-5.5.0.tgz",
            "integrity": "sha1-4uaaRKyHcveKHsCzW2id9lMO/I8=",
            "dev": true,
            "dependencies": {
                "has-flag": "^3.0.0"
            },
            "engines": {
                "node": ">=4"
            }
        },
        "node_modules/@types/normalize-package-data": {
            "version": "2.4.0",
            "resolved": "https://zowe.jfrog.io/zowe/api/npm/npm-release/@types/normalize-package-data/-/normalize-package-data-2.4.0.tgz",
            "integrity": "sha1-5IbQ2XOW15vu3QpuM/RTT/a0lz4=",
            "dev": true
        },
        "node_modules/ansi-regex": {
            "version": "5.0.1",
            "resolved": "https://zowe.jfrog.io/zowe/api/npm/npm-release/ansi-regex/-/ansi-regex-5.0.1.tgz",
            "integrity": "sha512-quJQXlTSUGL2LH9SUXo8VwsY4soanhgo6LNSm84E1LBcE8s3O0wpdiRzyR9z/ZZJMlMWv37qOOb9pdJlMUEKFQ==",
            "dev": true,
            "engines": {
                "node": ">=8"
            }
        },
        "node_modules/ansi-styles": {
            "version": "4.3.0",
            "resolved": "https://zowe.jfrog.io/zowe/api/npm/npm-release/ansi-styles/-/ansi-styles-4.3.0.tgz",
            "integrity": "sha1-7dgDYornHATIWuegkG7a00tkiTc=",
            "dev": true,
            "dependencies": {
                "color-convert": "^2.0.1"
            },
            "engines": {
                "node": ">=8"
            },
            "funding": {
                "url": "https://github.com/chalk/ansi-styles?sponsor=1"
            }
        },
        "node_modules/chalk": {
            "version": "4.1.0",
            "resolved": "https://zowe.jfrog.io/zowe/api/npm/npm-release/chalk/-/chalk-4.1.0.tgz",
            "integrity": "sha1-ThSHCmGNni7dl92DRf2dncMVZGo=",
            "dev": true,
            "dependencies": {
                "ansi-styles": "^4.1.0",
                "supports-color": "^7.1.0"
            },
            "engines": {
                "node": ">=10"
            },
            "funding": {
                "url": "https://github.com/chalk/chalk?sponsor=1"
            }
        },
        "node_modules/chalk/node_modules/supports-color": {
            "version": "7.2.0",
            "resolved": "https://zowe.jfrog.io/zowe/api/npm/npm-release/supports-color/-/supports-color-7.2.0.tgz",
            "integrity": "sha1-G33NyzK4E4gBs+R4umpRyqiWSNo=",
            "dev": true,
            "dependencies": {
                "has-flag": "^4.0.0"
            },
            "engines": {
                "node": ">=8"
            }
        },
        "node_modules/cliui": {
            "version": "7.0.4",
            "resolved": "https://zowe.jfrog.io/zowe/api/npm/npm-release/cliui/-/cliui-7.0.4.tgz",
            "integrity": "sha1-oCZe5lVHb8gHrqnfPfjfd4OAi08=",
            "dev": true,
            "dependencies": {
                "string-width": "^4.2.0",
                "strip-ansi": "^6.0.0",
                "wrap-ansi": "^7.0.0"
            }
        },
        "node_modules/color-convert": {
            "version": "2.0.1",
            "resolved": "https://zowe.jfrog.io/zowe/api/npm/npm-release/color-convert/-/color-convert-2.0.1.tgz",
            "integrity": "sha1-ctOmjVmMm9s68q0ehPIdiWq9TeM=",
            "dev": true,
            "dependencies": {
                "color-name": "~1.1.4"
            },
            "engines": {
                "node": ">=7.0.0"
            }
        },
        "node_modules/color-name": {
            "version": "1.1.4",
            "resolved": "https://zowe.jfrog.io/zowe/api/npm/npm-release/color-name/-/color-name-1.1.4.tgz",
            "integrity": "sha1-wqCah6y95pVD3m9j+jmVyCbFNqI=",
            "dev": true
        },
        "node_modules/concurrently": {
            "version": "6.0.0",
            "resolved": "https://zowe.jfrog.io/zowe/api/npm/npm-release/concurrently/-/concurrently-6.0.0.tgz",
            "integrity": "sha1-wah23Zk5CXnHH4xv5nlogvOhMZk=",
            "dev": true,
            "dependencies": {
                "chalk": "^4.1.0",
                "date-fns": "^2.16.1",
                "lodash": "^4.17.20",
                "read-pkg": "^5.2.0",
                "rxjs": "^6.6.3",
                "spawn-command": "^0.0.2-1",
                "supports-color": "^8.1.0",
                "tree-kill": "^1.2.2",
                "yargs": "^16.2.0"
            },
            "bin": {
                "concurrently": "bin/concurrently.js"
            },
            "engines": {
                "node": ">=10.0.0"
            }
        },
        "node_modules/date-fns": {
            "version": "2.19.0",
            "resolved": "https://zowe.jfrog.io/zowe/api/npm/npm-release/date-fns/-/date-fns-2.19.0.tgz",
            "integrity": "sha1-ZRkzSGNaKNXZFsQ+x85vvRRQWeE=",
            "dev": true,
            "engines": {
                "node": ">=0.11"
            },
            "funding": {
                "type": "opencollective",
                "url": "https://opencollective.com/date-fns"
            }
        },
        "node_modules/error-ex": {
            "version": "1.3.2",
            "resolved": "https://zowe.jfrog.io/zowe/api/npm/npm-release/error-ex/-/error-ex-1.3.2.tgz",
            "integrity": "sha1-tKxAZIEH/c3PriQvQovqihTU8b8=",
            "dev": true,
            "dependencies": {
                "is-arrayish": "^0.2.1"
            }
        },
        "node_modules/escalade": {
            "version": "3.1.2",
            "resolved": "https://zowe.jfrog.io/zowe/api/npm/npm-release/escalade/-/escalade-3.1.2.tgz",
            "integrity": "sha512-ErCHMCae19vR8vQGe50xIsVomy19rg6gFu3+r3jkEO46suLMWBksvVyoGgQV+jOfl84ZSOSlmv6Gxa89PmTGmA==",
            "dev": true,
            "engines": {
                "node": ">=6"
            }
        },
        "node_modules/escape-string-regexp": {
            "version": "1.0.5",
            "resolved": "https://zowe.jfrog.io/zowe/api/npm/npm-release/escape-string-regexp/-/escape-string-regexp-1.0.5.tgz",
            "integrity": "sha1-G2HAViGQqN/2rjuyzwIAyhMLhtQ=",
            "dev": true,
            "engines": {
                "node": ">=0.8.0"
            }
        },
        "node_modules/function-bind": {
            "version": "1.1.2",
            "resolved": "https://zowe.jfrog.io/zowe/api/npm/npm-release/function-bind/-/function-bind-1.1.2.tgz",
            "integrity": "sha512-7XHNxH7qX9xG5mIwxkhumTox/MIRNcOgDrxWsMt2pAr23WHp6MrRlN7FBSFpCpr+oVO0F744iUgR82nJMfG2SA==",
            "dev": true,
            "funding": {
                "url": "https://github.com/sponsors/ljharb"
            }
        },
        "node_modules/get-caller-file": {
            "version": "2.0.5",
            "resolved": "https://zowe.jfrog.io/zowe/api/npm/npm-release/get-caller-file/-/get-caller-file-2.0.5.tgz",
            "integrity": "sha1-T5RBKoLbMvNuOwuXQfipf+sDH34=",
            "dev": true,
            "engines": {
                "node": "6.* || 8.* || >= 10.*"
            }
        },
        "node_modules/has": {
            "version": "1.0.3",
            "resolved": "https://zowe.jfrog.io/zowe/api/npm/npm-release/has/-/has-1.0.3.tgz",
            "integrity": "sha512-f2dvO0VU6Oej7RkWJGrehjbzMAjFp5/VKPp5tTpWIV4JHHZK1/BxbFRtf/siA2SWTe09caDmVtYYzWEIbBS4zw==",
            "dev": true,
            "dependencies": {
                "function-bind": "^1.1.1"
            },
            "engines": {
                "node": ">= 0.4.0"
            }
        },
        "node_modules/has-flag": {
            "version": "4.0.0",
            "resolved": "https://zowe.jfrog.io/zowe/api/npm/npm-release/has-flag/-/has-flag-4.0.0.tgz",
            "integrity": "sha1-lEdx/ZyByBJlxNaUGGDaBrtZR5s=",
            "dev": true,
            "engines": {
                "node": ">=8"
            }
        },
        "node_modules/hosted-git-info": {
            "version": "2.8.9",
            "resolved": "https://zowe.jfrog.io/zowe/api/npm/npm-release/hosted-git-info/-/hosted-git-info-2.8.9.tgz",
            "integrity": "sha512-mxIDAb9Lsm6DoOJ7xH+5+X4y1LU/4Hi50L9C5sIswK3JzULS4bwk1FvjdBgvYR4bzT4tuUQiC15FE2f5HbLvYw==",
            "dev": true
        },
        "node_modules/is-arrayish": {
            "version": "0.2.1",
            "resolved": "https://zowe.jfrog.io/zowe/api/npm/npm-release/is-arrayish/-/is-arrayish-0.2.1.tgz",
            "integrity": "sha1-d8mYQFJ6qOyxqLppe4BkWnqSap0=",
            "dev": true
        },
        "node_modules/is-core-module": {
            "version": "2.2.0",
            "resolved": "https://zowe.jfrog.io/zowe/api/npm/npm-release/is-core-module/-/is-core-module-2.2.0.tgz",
            "integrity": "sha1-lwN+89UiJNhRY/VZeytj2a/tmBo=",
            "dev": true,
            "dependencies": {
                "has": "^1.0.3"
            },
            "funding": {
                "url": "https://github.com/sponsors/ljharb"
            }
        },
        "node_modules/is-fullwidth-code-point": {
            "version": "3.0.0",
            "resolved": "https://zowe.jfrog.io/zowe/api/npm/npm-release/is-fullwidth-code-point/-/is-fullwidth-code-point-3.0.0.tgz",
            "integrity": "sha1-8Rb4Bk/pCz94RKOJl8C3UFEmnx0=",
            "dev": true,
            "engines": {
                "node": ">=8"
            }
        },
        "node_modules/js-tokens": {
            "version": "4.0.0",
            "resolved": "https://zowe.jfrog.io/zowe/api/npm/npm-release/js-tokens/-/js-tokens-4.0.0.tgz",
            "integrity": "sha512-RdJUflcE3cUzKiMqQgsCu06FPu9UdIJO0beYbPhHN4k6apgJtifcoCtT9bcxOpYBtpD2kCM6Sbzg4CausW/PKQ==",
            "dev": true
        },
        "node_modules/json-parse-even-better-errors": {
            "version": "2.3.1",
            "resolved": "https://zowe.jfrog.io/zowe/api/npm/npm-release/json-parse-even-better-errors/-/json-parse-even-better-errors-2.3.1.tgz",
            "integrity": "sha1-fEeAWpQxmSjgV3dAXcEuH3pO4C0=",
            "dev": true
        },
        "node_modules/lines-and-columns": {
            "version": "1.1.6",
            "resolved": "https://zowe.jfrog.io/zowe/api/npm/npm-release/lines-and-columns/-/lines-and-columns-1.1.6.tgz",
            "integrity": "sha1-HADHQ7QzzQpOgHWPe2SldEDZ/wA=",
            "dev": true
        },
        "node_modules/lodash": {
            "version": "4.17.21",
            "resolved": "https://zowe.jfrog.io/zowe/api/npm/npm-release/lodash/-/lodash-4.17.21.tgz",
            "integrity": "sha1-Z5WRxWTDv/quhFTPCz3zcMPWkRw=",
            "dev": true
        },
        "node_modules/normalize-package-data": {
            "version": "2.5.0",
            "resolved": "https://zowe.jfrog.io/zowe/api/npm/npm-release/normalize-package-data/-/normalize-package-data-2.5.0.tgz",
            "integrity": "sha1-5m2xg4sgDB38IzIl0SyzZSDiNKg=",
            "dev": true,
            "dependencies": {
                "hosted-git-info": "^2.1.4",
                "resolve": "^1.10.0",
                "semver": "2 || 3 || 4 || 5",
                "validate-npm-package-license": "^3.0.1"
            }
        },
        "node_modules/parse-json": {
            "version": "5.2.0",
            "resolved": "https://zowe.jfrog.io/zowe/api/npm/npm-release/parse-json/-/parse-json-5.2.0.tgz",
            "integrity": "sha1-x2/Gbe5UIxyWKyK8yKcs8vmXU80=",
            "dev": true,
            "dependencies": {
                "@babel/code-frame": "^7.0.0",
                "error-ex": "^1.3.1",
                "json-parse-even-better-errors": "^2.3.0",
                "lines-and-columns": "^1.1.6"
            },
            "engines": {
                "node": ">=8"
            },
            "funding": {
                "url": "https://github.com/sponsors/sindresorhus"
            }
        },
        "node_modules/path-parse": {
            "version": "1.0.7",
            "resolved": "https://zowe.jfrog.io/zowe/api/npm/npm-release/path-parse/-/path-parse-1.0.7.tgz",
            "integrity": "sha512-LDJzPVEEEPR+y48z93A0Ed0yXb8pAByGWo/k5YYdYgpY2/2EsOsksJrq7lOHxryrVOn1ejG6oAp8ahvOIQD8sw==",
            "dev": true
        },
        "node_modules/picocolors": {
            "version": "1.0.1",
            "resolved": "https://zowe.jfrog.io/zowe/api/npm/npm-release/picocolors/-/picocolors-1.0.1.tgz",
            "integrity": "sha512-anP1Z8qwhkbmu7MFP5iTt+wQKXgwzf7zTyGlcdzabySa9vd0Xt392U0rVmz9poOaBj0uHJKyyo9/upk0HrEQew==",
            "dev": true
        },
        "node_modules/read-pkg": {
            "version": "5.2.0",
            "resolved": "https://zowe.jfrog.io/zowe/api/npm/npm-release/read-pkg/-/read-pkg-5.2.0.tgz",
            "integrity": "sha1-e/KVQ4yloz5WzTDgU7NO5yUMk8w=",
            "dev": true,
            "dependencies": {
                "@types/normalize-package-data": "^2.4.0",
                "normalize-package-data": "^2.5.0",
                "parse-json": "^5.0.0",
                "type-fest": "^0.6.0"
            },
            "engines": {
                "node": ">=8"
            }
        },
        "node_modules/require-directory": {
            "version": "2.1.1",
            "resolved": "https://zowe.jfrog.io/zowe/api/npm/npm-release/require-directory/-/require-directory-2.1.1.tgz",
            "integrity": "sha1-jGStX9MNqxyXbiNE/+f3kqam30I=",
            "dev": true,
            "engines": {
                "node": ">=0.10.0"
            }
        },
        "node_modules/resolve": {
            "version": "1.20.0",
            "resolved": "https://zowe.jfrog.io/zowe/api/npm/npm-release/resolve/-/resolve-1.20.0.tgz",
            "integrity": "sha1-YpoBP7P3B1XW8LeTXMHCxTeLGXU=",
            "dev": true,
            "dependencies": {
                "is-core-module": "^2.2.0",
                "path-parse": "^1.0.6"
            },
            "funding": {
                "url": "https://github.com/sponsors/ljharb"
            }
        },
        "node_modules/rxjs": {
            "version": "6.6.7",
            "resolved": "https://zowe.jfrog.io/zowe/api/npm/npm-release/rxjs/-/rxjs-6.6.7.tgz",
            "integrity": "sha1-kKwBisq/SRv2UEQjXVhjxNq4BMk=",
            "dev": true,
            "dependencies": {
                "tslib": "^1.9.0"
            },
            "engines": {
                "npm": ">=2.0.0"
            }
        },
        "node_modules/semver": {
            "version": "5.7.1",
            "resolved": "https://zowe.jfrog.io/zowe/api/npm/npm-release/semver/-/semver-5.7.1.tgz",
            "integrity": "sha1-qVT5Ma66UI0we78Gnv8MAclhFvc=",
            "dev": true,
            "bin": {
                "semver": "bin/semver"
            }
        },
        "node_modules/spawn-command": {
            "version": "0.0.2-1",
            "resolved": "https://zowe.jfrog.io/zowe/api/npm/npm-release/spawn-command/-/spawn-command-0.0.2-1.tgz",
            "integrity": "sha1-YvXpRmmBwbeW3Fkpk34RycaSG9A=",
            "dev": true
        },
        "node_modules/spdx-correct": {
            "version": "3.1.1",
            "resolved": "https://zowe.jfrog.io/zowe/api/npm/npm-release/spdx-correct/-/spdx-correct-3.1.1.tgz",
            "integrity": "sha1-3s6BrJweZxPl99G28X1Gj6U9iak=",
            "dev": true,
            "dependencies": {
                "spdx-expression-parse": "^3.0.0",
                "spdx-license-ids": "^3.0.0"
            }
        },
        "node_modules/spdx-exceptions": {
            "version": "2.3.0",
            "resolved": "https://zowe.jfrog.io/zowe/api/npm/npm-release/spdx-exceptions/-/spdx-exceptions-2.3.0.tgz",
            "integrity": "sha1-PyjOGnegA3JoPq3kpDMYNSeiFj0=",
            "dev": true
        },
        "node_modules/spdx-expression-parse": {
            "version": "3.0.1",
            "resolved": "https://zowe.jfrog.io/zowe/api/npm/npm-release/spdx-expression-parse/-/spdx-expression-parse-3.0.1.tgz",
            "integrity": "sha1-z3D1BILu/cmOPOCmgz5KU87rpnk=",
            "dev": true,
            "dependencies": {
                "spdx-exceptions": "^2.1.0",
                "spdx-license-ids": "^3.0.0"
            }
        },
        "node_modules/spdx-license-ids": {
            "version": "3.0.7",
            "resolved": "https://zowe.jfrog.io/zowe/api/npm/npm-release/spdx-license-ids/-/spdx-license-ids-3.0.7.tgz",
            "integrity": "sha1-6cGKQQ5e1+EkQqVJ+9ivp2cDjWU=",
            "dev": true
        },
        "node_modules/string-width": {
            "version": "4.2.3",
            "resolved": "https://zowe.jfrog.io/zowe/api/npm/npm-release/string-width/-/string-width-4.2.3.tgz",
            "integrity": "sha512-wKyQRQpjJ0sIp62ErSZdGsjMJWsap5oRNihHhu6G7JVO/9jIB6UyevL+tXuOqrng8j/cxKTWyWUwvSTriiZz/g==",
            "dev": true,
            "dependencies": {
                "emoji-regex": "^8.0.0",
                "is-fullwidth-code-point": "^3.0.0",
                "strip-ansi": "^6.0.1"
            },
            "engines": {
                "node": ">=8"
            }
        },
        "node_modules/string-width/node_modules/emoji-regex": {
            "version": "8.0.0",
            "resolved": "https://zowe.jfrog.io/zowe/api/npm/npm-release/emoji-regex/-/emoji-regex-8.0.0.tgz",
            "integrity": "sha1-6Bj9ac5cz8tARZT4QpY79TFkzDc=",
            "dev": true
        },
        "node_modules/strip-ansi": {
            "version": "6.0.1",
            "resolved": "https://zowe.jfrog.io/zowe/api/npm/npm-release/strip-ansi/-/strip-ansi-6.0.1.tgz",
            "integrity": "sha512-Y38VPSHcqkFrCpFnQ9vuSXmquuv5oXOKpGeT6aGrr3o3Gc9AlVa6JBfUSOCnbxGGZF+/0ooI7KrPuUSztUdU5A==",
            "dev": true,
            "dependencies": {
                "ansi-regex": "^5.0.1"
            },
            "engines": {
                "node": ">=8"
            }
        },
        "node_modules/supports-color": {
            "version": "8.1.1",
            "resolved": "https://zowe.jfrog.io/zowe/api/npm/npm-release/supports-color/-/supports-color-8.1.1.tgz",
            "integrity": "sha1-zW/BfihQDP9WwbhsCn/UpUpzAFw=",
            "dev": true,
            "dependencies": {
                "has-flag": "^4.0.0"
            },
            "engines": {
                "node": ">=10"
            },
            "funding": {
                "url": "https://github.com/chalk/supports-color?sponsor=1"
            }
        },
        "node_modules/tree-kill": {
            "version": "1.2.2",
            "resolved": "https://zowe.jfrog.io/zowe/api/npm/npm-release/tree-kill/-/tree-kill-1.2.2.tgz",
            "integrity": "sha1-TKCakJLIi3OnzcXooBtQeweQoMw=",
            "dev": true,
            "bin": {
                "tree-kill": "cli.js"
            }
        },
        "node_modules/tslib": {
            "version": "1.14.1",
            "resolved": "https://zowe.jfrog.io/zowe/api/npm/npm-release/tslib/-/tslib-1.14.1.tgz",
            "integrity": "sha1-zy04vcNKE0vK8QkcQfZhni9nLQA=",
            "dev": true
        },
        "node_modules/type-fest": {
            "version": "0.6.0",
            "resolved": "https://zowe.jfrog.io/zowe/api/npm/npm-release/type-fest/-/type-fest-0.6.0.tgz",
            "integrity": "sha1-jSojcNPfiG61yQraHFv2GIrPg4s=",
            "dev": true,
            "engines": {
                "node": ">=8"
            }
        },
        "node_modules/validate-npm-package-license": {
            "version": "3.0.4",
            "resolved": "https://zowe.jfrog.io/zowe/api/npm/npm-release/validate-npm-package-license/-/validate-npm-package-license-3.0.4.tgz",
            "integrity": "sha1-/JH2uce6FchX9MssXe/uw51PQQo=",
            "dev": true,
            "dependencies": {
                "spdx-correct": "^3.0.0",
                "spdx-expression-parse": "^3.0.0"
            }
        },
        "node_modules/wrap-ansi": {
            "version": "7.0.0",
            "resolved": "https://zowe.jfrog.io/zowe/api/npm/npm-release/wrap-ansi/-/wrap-ansi-7.0.0.tgz",
            "integrity": "sha1-Z+FFz/UQpqaYS98RUpEdadLrnkM=",
            "dev": true,
            "dependencies": {
                "ansi-styles": "^4.0.0",
                "string-width": "^4.1.0",
                "strip-ansi": "^6.0.0"
            },
            "engines": {
                "node": ">=10"
            },
            "funding": {
                "url": "https://github.com/chalk/wrap-ansi?sponsor=1"
            }
        },
        "node_modules/y18n": {
            "version": "5.0.5",
            "resolved": "https://zowe.jfrog.io/zowe/api/npm/npm-release/y18n/-/y18n-5.0.5.tgz",
            "integrity": "sha1-h2nsCNA7HqLfJQCs71YXQ7u5qxg=",
            "dev": true,
            "engines": {
                "node": ">=10"
            }
        },
        "node_modules/yargs": {
            "version": "16.2.0",
            "resolved": "https://zowe.jfrog.io/zowe/api/npm/npm-release/yargs/-/yargs-16.2.0.tgz",
            "integrity": "sha1-HIK/D2tqZur85+8w43b0mhJHf2Y=",
            "dev": true,
            "dependencies": {
                "cliui": "^7.0.2",
                "escalade": "^3.1.1",
                "get-caller-file": "^2.0.5",
                "require-directory": "^2.1.1",
                "string-width": "^4.2.0",
                "y18n": "^5.0.5",
                "yargs-parser": "^20.2.2"
            },
            "engines": {
                "node": ">=10"
            }
        },
        "node_modules/yargs-parser": {
            "version": "20.2.7",
            "resolved": "https://zowe.jfrog.io/zowe/api/npm/npm-release/yargs-parser/-/yargs-parser-20.2.7.tgz",
            "integrity": "sha1-Yd+FwRPt+1p6TjbriqYO9CPLyQo=",
            "dev": true,
            "engines": {
                "node": ">=10"
            }
        }
    }
}
